# THIS IS AN AUTOGENERATED FILE. DO NOT EDIT THIS FILE DIRECTLY.
# yarn lockfile v1


"@babel/standalone@^7.22.5":
  version "7.25.3"
  resolved "https://registry.yarnpkg.com/@babel/standalone/-/standalone-7.25.3.tgz#da5eaa9e0b0c2da360fe033eb580400739b03bb9"
  integrity sha512-uR+EoBqIIIvKGCG7fOj7HKupu3zVObiMfdEwoPZfVCPpcWJaZ1PkshaP5/6cl6BKAm1Zcv25O1rf+uoQ7V8nqA==
